
Microsoft Visual Studio Solution File, Format Version 12.00
# Visual Studio Version 17
VisualStudioVersion = 17.14.35906.104
MinimumVisualStudioVersion = 10.0.40219.1
Project("{54A90642-561A-4BB1-A94E-469ADEE60C69}") = "game", "game\game.esproj", "{DE26B308-48BC-24FE-4AB9-AB99763F76AD}"
EndProject
Global
	GlobalSection(SolutionConfigurationPlatforms) = preSolution
		Debug|Any CPU = Debug|Any CPU
		Release|Any CPU = Release|Any CPU
	EndGlobalSection
	GlobalSection(ProjectConfigurationPlatforms) = postSolution
		{DE26B308-48BC-24FE-4AB9-AB99763F76AD}.Debug|Any CPU.ActiveCfg = Debug|Any CPU
		{DE26B308-48BC-24FE-4AB9-AB99763F76AD}.Debug|Any CPU.Build.0 = Debug|Any CPU
		{DE26B308-48BC-24FE-4AB9-AB99763F76AD}.Debug|Any CPU.Deploy.0 = Debug|Any CPU
		{DE26B308-48BC-24FE-4AB9-AB99763F76AD}.Release|Any CPU.ActiveCfg = Release|Any CPU
		{DE26B308-48BC-24FE-4AB9-AB99763F76AD}.Release|Any CPU.Build.0 = Release|Any CPU
		{DE26B308-48BC-24FE-4AB9-AB99763F76AD}.Release|Any CPU.Deploy.0 = Release|Any CPU
	EndGlobalSection
	GlobalSection(SolutionProperties) = preSolution
		HideSolutionNode = FALSE
	EndGlobalSection
	GlobalSection(ExtensibilityGlobals) = postSolution
		SolutionGuid = {C3E5C3B3-730A-402E-8DEE-36E1D47CE43C}
	EndGlobalSection
EndGlobal
